
Microsoft Visual Studio Solution File, Format Version 12.00
# Visual Studio Version 17
VisualStudioVersion = 17.14.36915.13 d17.14
MinimumVisualStudioVersion = 10.0.40219.1
Project("{FAE04EC0-301F-11D3-BF4B-00C04F79EFBC}") = "chatbot", "chatbot.csproj", "{5119E546-B117-4EC2-8280-D78AB52EBFA6}"
EndProject
Global
	GlobalSection(SolutionConfigurationPlatforms) = preSolution
		Debug|Any CPU = Debug|Any CPU
		Release|Any CPU = Release|Any CPU
	EndGlobalSection
	GlobalSection(ProjectConfigurationPlatforms) = postSolution
		{5119E546-B117-4EC2-8280-D78AB52EBFA6}.Debug|Any CPU.ActiveCfg = Debug|Any CPU
		{5119E546-B117-4EC2-8280-D78AB52EBFA6}.Debug|Any CPU.Build.0 = Debug|Any CPU
		{5119E546-B117-4EC2-8280-D78AB52EBFA6}.Release|Any CPU.ActiveCfg = Release|Any CPU
		{5119E546-B117-4EC2-8280-D78AB52EBFA6}.Release|Any CPU.Build.0 = Release|Any CPU
	EndGlobalSection
	GlobalSection(SolutionProperties) = preSolution
		HideSolutionNode = FALSE
	EndGlobalSection
	GlobalSection(ExtensibilityGlobals) = postSolution
		SolutionGuid = {3E82B248-AD39-46F8-9532-CE9AE264AB32}
	EndGlobalSection
EndGlobal
